Microsoft Visual Studio Solution File, Format Version 12.00
# Visual Studio Version 17
VisualStudioVersion = 17.0.31912.275
MinimumVisualStudioVersion = 10.0.40219.1
Project("{8BC9CEB8-8B4A-11D0-8D11-00A0C91BC942}") = "PdfAnnotator", "PdfAnnotator\\PdfAnnotator.vcxproj", "{07E633AF-0A48-4B22-B93B-22B8CAD0F672}"
EndProject
Global
	GlobalSection(SolutionConfigurationPlatforms) = preSolution
		Debug|x64 = Debug|x64
		Release|x64 = Release|x64
	EndGlobalSection
	GlobalSection(ProjectConfigurationPlatforms) = postSolution
		{07E633AF-0A48-4B22-B93B-22B8CAD0F672}.Debug|x64.ActiveCfg = Debug|x64
		{07E633AF-0A48-4B22-B93B-22B8CAD0F672}.Debug|x64.Build.0 = Debug|x64
		{07E633AF-0A48-4B22-B93B-22B8CAD0F672}.Release|x64.ActiveCfg = Release|x64
		{07E633AF-0A48-4B22-B93B-22B8CAD0F672}.Release|x64.Build.0 = Release|x64
	EndGlobalSection
	GlobalSection(SolutionProperties) = preSolution
		HideSolutionNode = FALSE
	EndGlobalSection
	GlobalSection(ExtensibilityGlobals) = postSolution
		SolutionGuid = {B5B3E991-8A9D-4256-86B8-4D0F2159D275}
	EndGlobalSection
EndGlobal
